<?xml version="1.0" encoding="UTF-8" standalone="yes" ?>
<CodeBlocks_project_file>
	<FileVersion major="1" minor="6" />
	<Project>
		<Option title="abdul" />
		<Option pch_mode="2" />
		<Option compiler="gcc" />
		<Build>
			<Target title="Debug">
				<Option output="bin/Debug/abdul" prefix_auto="1" extension_auto="1" />
				<Option object_output="obj/Debug/" />
				<Option type="1" />
				<Option compiler="gcc" />
				<Compiler>
					<Add option="-g" />
				</Compiler>
			</Target>
			<Target title="Release">
				<Option output="bin/Release/abdul" prefix_auto="1" extension_auto="1" />
				<Option object_output="obj/Release/" />
				<Option type="1" />
				<Option compiler="gcc" />
				<Compiler>
					<Add option="-O2" />
				</Compiler>
				<Linker>
					<Add option="-s" />
				</Linker>
			</Target>
		</Build>
		<Compiler>
			<Add option="-Wall" />
			<Add option="-fexceptions" />
		</Compiler>
		<Unit filename="all loops.cpp">
			<Option compile="0" />
			<Option link="0" />
		</Unit>
		<Unit filename="area of circle.cpp">
			<Option compile="0" />
			<Option link="0" />
		</Unit>
		<Unit filename="armstrong.cpp">
			<Option compile="0" />
			<Option link="0" />
		</Unit>
		<Unit filename="compond.cpp">
			<Option compile="0" />
			<Option link="0" />
		</Unit>
		<Unit filename="compoundcond.cpp">
			<Option compile="0" />
			<Option link="0" />
		</Unit>
		<Unit filename="factorial.cpp">
			<Option compile="0" />
			<Option link="0" />
		</Unit>
		<Unit filename="factors.cpp">
			<Option compile="0" />
			<Option link="0" />
		</Unit>
		<Unit filename="functi.cpp">
			<Option compile="0" />
			<Option link="0" />
		</Unit>
		<Unit filename="gcd.cpp">
			<Option compile="0" />
			<Option link="0" />
		</Unit>
		<Unit filename="incdec.cpp">
			<Option compile="0" />
			<Option link="0" />
		</Unit>
		<Unit filename="main.cpp">
			<Option compile="0" />
			<Option link="0" />
		</Unit>
		<Unit filename="matrices.cpp">
			<Option compile="0" />
			<Option link="0" />
		</Unit>
		<Unit filename="matrixavg.cpp">
			<Option compile="0" />
			<Option link="0" />
		</Unit>
		<Unit filename="matrixmultiplydivide.cpp">
			<Option compile="0" />
			<Option link="0" />
		</Unit>
		<Unit filename="maxarray.cpp">
			<Option compile="0" />
			<Option link="0" />
		</Unit>
		<Unit filename="overflow.cpp">
			<Option compile="0" />
			<Option link="0" />
		</Unit>
		<Unit filename="palindrome.cpp">
			<Option compile="0" />
			<Option link="0" />
		</Unit>
		<Unit filename="rand loop.cpp" />
		<Unit filename="rand.cpp">
			<Option compile="0" />
			<Option link="0" />
		</Unit>
		<Unit filename="reverse.cpp">
			<Option compile="0" />
			<Option link="0" />
		</Unit>
		<Unit filename="salary.cpp">
			<Option compile="0" />
			<Option link="0" />
		</Unit>
		<Unit filename="sum of natural numbers.cpp">
			<Option compile="0" />
			<Option link="0" />
		</Unit>
		<Unit filename="sumarray.cpp">
			<Option compile="0" />
			<Option link="0" />
		</Unit>
		<Unit filename="table.cpp">
			<Option compile="0" />
			<Option link="0" />
		</Unit>
		<Extensions>
			<lib_finder disable_auto="1" />
		</Extensions>
	</Project>
</CodeBlocks_project_file>
